
Microsoft Visual Studio Solution File, Format Version 12.00
# Visual Studio Version 17
VisualStudioVersion = 17.9.34728.123
MinimumVisualStudioVersion = 10.0.40219.1
Project("{9A19103F-16F7-4668-BE54-9A1E7A4F7556}") = "DungeonsAndExiles.Api", "DungeonsAndExiles.Api\DungeonsAndExiles.Api.csproj", "{1A360C59-0336-43E2-B350-2153430139B0}"
EndProject
Project("{FAE04EC0-301F-11D3-BF4B-00C04F79EFBC}") = "DungeonAndExiles.Tests", "DungeonAndExiles.Tests\DungeonAndExiles.Tests.csproj", "{01C77623-2B11-403A-A065-779E4928337A}"
EndProject
Global
	GlobalSection(SolutionConfigurationPlatforms) = preSolution
		Debug|Any CPU = Debug|Any CPU
		Release|Any CPU = Release|Any CPU
	EndGlobalSection
	GlobalSection(ProjectConfigurationPlatforms) = postSolution
		{1A360C59-0336-43E2-B350-2153430139B0}.Debug|Any CPU.ActiveCfg = Debug|Any CPU
		{1A360C59-0336-43E2-B350-2153430139B0}.Debug|Any CPU.Build.0 = Debug|Any CPU
		{1A360C59-0336-43E2-B350-2153430139B0}.Release|Any CPU.ActiveCfg = Release|Any CPU
		{1A360C59-0336-43E2-B350-2153430139B0}.Release|Any CPU.Build.0 = Release|Any CPU
		{01C77623-2B11-403A-A065-779E4928337A}.Debug|Any CPU.ActiveCfg = Debug|Any CPU
		{01C77623-2B11-403A-A065-779E4928337A}.Debug|Any CPU.Build.0 = Debug|Any CPU
		{01C77623-2B11-403A-A065-779E4928337A}.Release|Any CPU.ActiveCfg = Release|Any CPU
		{01C77623-2B11-403A-A065-779E4928337A}.Release|Any CPU.Build.0 = Release|Any CPU
	EndGlobalSection
	GlobalSection(SolutionProperties) = preSolution
		HideSolutionNode = FALSE
	EndGlobalSection
	GlobalSection(ExtensibilityGlobals) = postSolution
		SolutionGuid = {7D9CD829-F66B-42DE-A14B-0B70009353E7}
	EndGlobalSection
EndGlobal
